
Microsoft Visual Studio Solution File, Format Version 12.00
# Visual Studio Version 17
VisualStudioVersion = 17.14.36212.18
MinimumVisualStudioVersion = 10.0.40219.1
Project("{FAE04EC0-301F-11D3-BF4B-00C04F79EFBC}") = "NileRoutes", "NileRoutes\NileRoutes.csproj", "{527BA611-3B6A-4ADE-BE4F-3EFA9503AC2E}"
EndProject
Project("{FAE04EC0-301F-11D3-BF4B-00C04F79EFBC}") = "NileRoute.UI", "NileRoute.UI\NileRoute.UI.csproj", "{7004C247-7615-47EE-9238-B446A0FA8CD8}"
EndProject
Global
	GlobalSection(SolutionConfigurationPlatforms) = preSolution
		Debug|Any CPU = Debug|Any CPU
		Release|Any CPU = Release|Any CPU
	EndGlobalSection
	GlobalSection(ProjectConfigurationPlatforms) = postSolution
		{527BA611-3B6A-4ADE-BE4F-3EFA9503AC2E}.Debug|Any CPU.ActiveCfg = Debug|Any CPU
		{527BA611-3B6A-4ADE-BE4F-3EFA9503AC2E}.Debug|Any CPU.Build.0 = Debug|Any CPU
		{527BA611-3B6A-4ADE-BE4F-3EFA9503AC2E}.Release|Any CPU.ActiveCfg = Release|Any CPU
		{527BA611-3B6A-4ADE-BE4F-3EFA9503AC2E}.Release|Any CPU.Build.0 = Release|Any CPU
		{7004C247-7615-47EE-9238-B446A0FA8CD8}.Debug|Any CPU.ActiveCfg = Debug|Any CPU
		{7004C247-7615-47EE-9238-B446A0FA8CD8}.Debug|Any CPU.Build.0 = Debug|Any CPU
		{7004C247-7615-47EE-9238-B446A0FA8CD8}.Release|Any CPU.ActiveCfg = Release|Any CPU
		{7004C247-7615-47EE-9238-B446A0FA8CD8}.Release|Any CPU.Build.0 = Release|Any CPU
	EndGlobalSection
	GlobalSection(SolutionProperties) = preSolution
		HideSolutionNode = FALSE
	EndGlobalSection
	GlobalSection(ExtensibilityGlobals) = postSolution
		SolutionGuid = {9DC14687-CBFC-4800-8E82-C2C659906133}
	EndGlobalSection
EndGlobal
